// !$*UTF8*$!
{
	archiveVersion = 1;
	classes = {
	};
	objectVersion = 56;
	objects = {

/* Begin PBXBuildFile section */
		2FF34417295A5744007DB9EC /* Daily_CoinsApp.swift in Sources */ = {isa = PBXBuildFile; fileRef = 2FF34416295A5744007DB9EC /* Daily_CoinsApp.swift */; };
		2FF34419295A5744007DB9EC /* ContentView.swift in Sources */ = {isa = PBXBuildFile; fileRef = 2FF34418295A5744007DB9EC /* ContentView.swift */; };
		2FF3441B295A5745007DB9EC /* Assets.xcassets in Resources */ = {isa = PBXBuildFile; fileRef = 2FF3441A295A5745007DB9EC /* Assets.xcassets */; };
		2FF3441E295A5745007DB9EC /* Preview Assets.xcassets in Resources */ = {isa = PBXBuildFile; fileRef = 2FF3441D295A5745007DB9EC /* Preview Assets.xcassets */; };
		2FF34428295A58AC007DB9EC /* FirebaseAuth in Frameworks */ = {isa = PBXBuildFile; productRef = 2FF34427295A58AC007DB9EC /* FirebaseAuth */; };
		2FF3442A295A58AC007DB9EC /* FirebaseFirestore in Frameworks */ = {isa = PBXBuildFile; productRef = 2FF34429295A58AC007DB9EC /* FirebaseFirestore */; };
		2FF3442C295A58AC007DB9EC /* FirebaseFirestoreSwift in Frameworks */ = {isa = PBXBuildFile; productRef = 2FF3442B295A58AC007DB9EC /* FirebaseFirestoreSwift */; };
		2FF3442E295A58AC007DB9EC /* FirebaseStorage in Frameworks */ = {isa = PBXBuildFile; productRef = 2FF3442D295A58AC007DB9EC /* FirebaseStorage */; };
		2FF34430295A5984007DB9EC /* GoogleService-Info.plist in Resources */ = {isa = PBXBuildFile; fileRef = 2FF3442F295A5984007DB9EC /* GoogleService-Info.plist */; };
		2FF34434295A5B90007DB9EC /* AuthViewModel.swift in Sources */ = {isa = PBXBuildFile; fileRef = 2FF34433295A5B90007DB9EC /* AuthViewModel.swift */; };
		2FF34436295A5BAA007DB9EC /* LoginView.swift in Sources */ = {isa = PBXBuildFile; fileRef = 2FF34435295A5BAA007DB9EC /* LoginView.swift */; };
		2FF34438295A5BDA007DB9EC /* InputWithImage.swift in Sources */ = {isa = PBXBuildFile; fileRef = 2FF34437295A5BDA007DB9EC /* InputWithImage.swift */; };
		2FF3443A295A5C0F007DB9EC /* Header.swift in Sources */ = {isa = PBXBuildFile; fileRef = 2FF34439295A5C0F007DB9EC /* Header.swift */; };
		2FF3443C295A5C3B007DB9EC /* RoundedShape.swift in Sources */ = {isa = PBXBuildFile; fileRef = 2FF3443B295A5C3B007DB9EC /* RoundedShape.swift */; };
		2FF34445295A5F20007DB9EC /* LazyNavigationView.swift in Sources */ = {isa = PBXBuildFile; fileRef = 2FF34444295A5F20007DB9EC /* LazyNavigationView.swift */; };
		2FF34447295A5F43007DB9EC /* Color.swift in Sources */ = {isa = PBXBuildFile; fileRef = 2FF34446295A5F43007DB9EC /* Color.swift */; };
		2FF34449295A5F98007DB9EC /* UIApplication.swift in Sources */ = {isa = PBXBuildFile; fileRef = 2FF34448295A5F98007DB9EC /* UIApplication.swift */; };
		2FF3444B295A5FB5007DB9EC /* Date.swift in Sources */ = {isa = PBXBuildFile; fileRef = 2FF3444A295A5FB5007DB9EC /* Date.swift */; };
		2FF3444D295A5FC4007DB9EC /* Double.swift in Sources */ = {isa = PBXBuildFile; fileRef = 2FF3444C295A5FC4007DB9EC /* Double.swift */; };
		2FF3444F295A5FE7007DB9EC /* PreviewProvider.swift in Sources */ = {isa = PBXBuildFile; fileRef = 2FF3444E295A5FE7007DB9EC /* PreviewProvider.swift */; };
		2FF34451295A6014007DB9EC /* Statistic.swift in Sources */ = {isa = PBXBuildFile; fileRef = 2FF34450295A6014007DB9EC /* Statistic.swift */; };
		2FF34453295A6034007DB9EC /* DetailSection.swift in Sources */ = {isa = PBXBuildFile; fileRef = 2FF34452295A6034007DB9EC /* DetailSection.swift */; };
		2FF34455295A6047007DB9EC /* SparkLine.swift in Sources */ = {isa = PBXBuildFile; fileRef = 2FF34454295A6047007DB9EC /* SparkLine.swift */; };
		2FF34457295A609D007DB9EC /* Coin.swift in Sources */ = {isa = PBXBuildFile; fileRef = 2FF34456295A609D007DB9EC /* Coin.swift */; };
		2FF34459295A60B1007DB9EC /* CoinDetail.swift in Sources */ = {isa = PBXBuildFile; fileRef = 2FF34458295A60B1007DB9EC /* CoinDetail.swift */; };
		2FF3445B295A64FA007DB9EC /* SingUpView.swift in Sources */ = {isa = PBXBuildFile; fileRef = 2FF3445A295A64FA007DB9EC /* SingUpView.swift */; };
		2FF3445D295AC039007DB9EC /* UserService.swift in Sources */ = {isa = PBXBuildFile; fileRef = 2FF3445C295AC039007DB9EC /* UserService.swift */; };
		2FF3445F295AC11F007DB9EC /* CoinsFetcher.swift in Sources */ = {isa = PBXBuildFile; fileRef = 2FF3445E295AC11F007DB9EC /* CoinsFetcher.swift */; };
		2FF34461295AC134007DB9EC /* CoinFetcher.swift in Sources */ = {isa = PBXBuildFile; fileRef = 2FF34460295AC134007DB9EC /* CoinFetcher.swift */; };
		2FF34463295AC5BA007DB9EC /* User.swift in Sources */ = {isa = PBXBuildFile; fileRef = 2FF34462295AC5BA007DB9EC /* User.swift */; };
/* End PBXBuildFile section */

/* Begin PBXFileReference section */
		2FBBEF2E295AC7F30081D555 /* Daily-Coins-Info.plist */ = {isa = PBXFileReference; lastKnownFileType = text.plist; path = "Daily-Coins-Info.plist"; sourceTree = SOURCE_ROOT; };
		2FF34413295A5744007DB9EC /* Daily Coins.app */ = {isa = PBXFileReference; explicitFileType = wrapper.application; includeInIndex = 0; path = "Daily Coins.app"; sourceTree = BUILT_PRODUCTS_DIR; };
		2FF34416295A5744007DB9EC /* Daily_CoinsApp.swift */ = {isa = PBXFileReference; lastKnownFileType = sourcecode.swift; path = Daily_CoinsApp.swift; sourceTree = "<group>"; };
		2FF34418295A5744007DB9EC /* ContentView.swift */ = {isa = PBXFileReference; lastKnownFileType = sourcecode.swift; path = ContentView.swift; sourceTree = "<group>"; };
		2FF3441A295A5745007DB9EC /* Assets.xcassets */ = {isa = PBXFileReference; lastKnownFileType = folder.assetcatalog; path = Assets.xcassets; sourceTree = "<group>"; };
		2FF3441D295A5745007DB9EC /* Preview Assets.xcassets */ = {isa = PBXFileReference; lastKnownFileType = folder.assetcatalog; path = "Preview Assets.xcassets"; sourceTree = "<group>"; };
		2FF3442F295A5984007DB9EC /* GoogleService-Info.plist */ = {isa = PBXFileReference; fileEncoding = 4; lastKnownFileType = text.plist.xml; path = "GoogleService-Info.plist"; sourceTree = "<group>"; };
		2FF34433295A5B90007DB9EC /* AuthViewModel.swift */ = {isa = PBXFileReference; lastKnownFileType = sourcecode.swift; path = AuthViewModel.swift; sourceTree = "<group>"; };
		2FF34435295A5BAA007DB9EC /* LoginView.swift */ = {isa = PBXFileReference; lastKnownFileType = sourcecode.swift; path = LoginView.swift; sourceTree = "<group>"; };
		2FF34437295A5BDA007DB9EC /* InputWithImage.swift */ = {isa = PBXFileReference; lastKnownFileType = sourcecode.swift; path = InputWithImage.swift; sourceTree = "<group>"; };
		2FF34439295A5C0F007DB9EC /* Header.swift */ = {isa = PBXFileReference; lastKnownFileType = sourcecode.swift; path = Header.swift; sourceTree = "<group>"; };
		2FF3443B295A5C3B007DB9EC /* RoundedShape.swift */ = {isa = PBXFileReference; lastKnownFileType = sourcecode.swift; path = RoundedShape.swift; sourceTree = "<group>"; };
		2FF34444295A5F20007DB9EC /* LazyNavigationView.swift */ = {isa = PBXFileReference; lastKnownFileType = sourcecode.swift; path = LazyNavigationView.swift; sourceTree = "<group>"; };
		2FF34446295A5F43007DB9EC /* Color.swift */ = {isa = PBXFileReference; lastKnownFileType = sourcecode.swift; path = Color.swift; sourceTree = "<group>"; };
		2FF34448295A5F98007DB9EC /* UIApplication.swift */ = {isa = PBXFileReference; lastKnownFileType = sourcecode.swift; path = UIApplication.swift; sourceTree = "<group>"; };
		2FF3444A295A5FB5007DB9EC /* Date.swift */ = {isa = PBXFileReference; lastKnownFileType = sourcecode.swift; path = Date.swift; sourceTree = "<group>"; };
		2FF3444C295A5FC4007DB9EC /* Double.swift */ = {isa = PBXFileReference; lastKnownFileType = sourcecode.swift; path = Double.swift; sourceTree = "<group>"; };
		2FF3444E295A5FE7007DB9EC /* PreviewProvider.swift */ = {isa = PBXFileReference; lastKnownFileType = sourcecode.swift; path = PreviewProvider.swift; sourceTree = "<group>"; };
		2FF34450295A6014007DB9EC /* Statistic.swift */ = {isa = PBXFileReference; lastKnownFileType = sourcecode.swift; path = Statistic.swift; sourceTree = "<group>"; };
		2FF34452295A6034007DB9EC /* DetailSection.swift */ = {isa = PBXFileReference; lastKnownFileType = sourcecode.swift; path = DetailSection.swift; sourceTree = "<group>"; };
		2FF34454295A6047007DB9EC /* SparkLine.swift */ = {isa = PBXFileReference; lastKnownFileType = sourcecode.swift; path = SparkLine.swift; sourceTree = "<group>"; };
		2FF34456295A609D007DB9EC /* Coin.swift */ = {isa = PBXFileReference; lastKnownFileType = sourcecode.swift; path = Coin.swift; sourceTree = "<group>"; };
		2FF34458295A60B1007DB9EC /* CoinDetail.swift */ = {isa = PBXFileReference; lastKnownFileType = sourcecode.swift; path = CoinDetail.swift; sourceTree = "<group>"; };
		2FF3445A295A64FA007DB9EC /* SingUpView.swift */ = {isa = PBXFileReference; lastKnownFileType = sourcecode.swift; path = SingUpView.swift; sourceTree = "<group>"; };
		2FF3445C295AC039007DB9EC /* UserService.swift */ = {isa = PBXFileReference; lastKnownFileType = sourcecode.swift; path = UserService.swift; sourceTree = "<group>"; };
		2FF3445E295AC11F007DB9EC /* CoinsFetcher.swift */ = {isa = PBXFileReference; lastKnownFileType = sourcecode.swift; path = CoinsFetcher.swift; sourceTree = "<group>"; };
		2FF34460295AC134007DB9EC /* CoinFetcher.swift */ = {isa = PBXFileReference; lastKnownFileType = sourcecode.swift; path = CoinFetcher.swift; sourceTree = "<group>"; };
		2FF34462295AC5BA007DB9EC /* User.swift */ = {isa = PBXFileReference; lastKnownFileType = sourcecode.swift; path = User.swift; sourceTree = "<group>"; };
/* End PBXFileReference section */

/* Begin PBXFrameworksBuildPhase section */
		2FF34410295A5744007DB9EC /* Frameworks */ = {
			isa = PBXFrameworksBuildPhase;
			buildActionMask = 2147483647;
			files = (
				2FF34428295A58AC007DB9EC /* FirebaseAuth in Frameworks */,
				2FF3442E295A58AC007DB9EC /* FirebaseStorage in Frameworks */,
				2FF3442A295A58AC007DB9EC /* FirebaseFirestore in Frameworks */,
				2FF3442C295A58AC007DB9EC /* FirebaseFirestoreSwift in Frameworks */,
			);
			runOnlyForDeploymentPostprocessing = 0;
		};
/* End PBXFrameworksBuildPhase section */

/* Begin PBXGroup section */
		2FF3440A295A5744007DB9EC = {
			isa = PBXGroup;
			children = (
				2FF34415295A5744007DB9EC /* Daily Coins */,
				2FF34414295A5744007DB9EC /* Products */,
			);
			sourceTree = "<group>";
		};
		2FF34414295A5744007DB9EC /* Products */ = {
			isa = PBXGroup;
			children = (
				2FF34413295A5744007DB9EC /* Daily Coins.app */,
			);
			name = Products;
			sourceTree = "<group>";
		};
		2FF34415295A5744007DB9EC /* Daily Coins */ = {
			isa = PBXGroup;
			children = (
				2FBBEF2E295AC7F30081D555 /* Daily-Coins-Info.plist */,
				2FF3443D295A5CBB007DB9EC /* Utils */,
				2FF3441A295A5745007DB9EC /* Assets.xcassets */,
				2FF3443E295A5CC1007DB9EC /* App */,
				2FF34431295A5B6D007DB9EC /* Components */,
				2FF3443F295A5CC8007DB9EC /* Extensions */,
				2FF34440295A5CD0007DB9EC /* Models */,
				2FF3441C295A5745007DB9EC /* Preview Content */,
				2FF34441295A5CDF007DB9EC /* Services */,
				2FF34442295A5CE6007DB9EC /* ViewModels */,
				2FF34443295A5CEF007DB9EC /* Views */,
			);
			path = "Daily Coins";
			sourceTree = "<group>";
		};
		2FF3441C295A5745007DB9EC /* Preview Content */ = {
			isa = PBXGroup;
			children = (
				2FF3441D295A5745007DB9EC /* Preview Assets.xcassets */,
			);
			path = "Preview Content";
			sourceTree = "<group>";
		};
		2FF34431295A5B6D007DB9EC /* Components */ = {
			isa = PBXGroup;
			children = (
				2FF34437295A5BDA007DB9EC /* InputWithImage.swift */,
				2FF34439295A5C0F007DB9EC /* Header.swift */,
				2FF3443B295A5C3B007DB9EC /* RoundedShape.swift */,
			);
			path = Components;
			sourceTree = "<group>";
		};
		2FF34432295A5B78007DB9EC /* Auth */ = {
			isa = PBXGroup;
			children = (
				2FF3445A295A64FA007DB9EC /* SingUpView.swift */,
				2FF34435295A5BAA007DB9EC /* LoginView.swift */,
			);
			path = Auth;
			sourceTree = "<group>";
		};
		2FF3443D295A5CBB007DB9EC /* Utils */ = {
			isa = PBXGroup;
			children = (
				2FF3442F295A5984007DB9EC /* GoogleService-Info.plist */,
				2FF34444295A5F20007DB9EC /* LazyNavigationView.swift */,
			);
			path = Utils;
			sourceTree = "<group>";
		};
		2FF3443E295A5CC1007DB9EC /* App */ = {
			isa = PBXGroup;
			children = (
				2FF34416295A5744007DB9EC /* Daily_CoinsApp.swift */,
			);
			path = App;
			sourceTree = "<group>";
		};
		2FF3443F295A5CC8007DB9EC /* Extensions */ = {
			isa = PBXGroup;
			children = (
				2FF34446295A5F43007DB9EC /* Color.swift */,
				2FF34448295A5F98007DB9EC /* UIApplication.swift */,
				2FF3444A295A5FB5007DB9EC /* Date.swift */,
				2FF3444C295A5FC4007DB9EC /* Double.swift */,
				2FF3444E295A5FE7007DB9EC /* PreviewProvider.swift */,
			);
			path = Extensions;
			sourceTree = "<group>";
		};
		2FF34440295A5CD0007DB9EC /* Models */ = {
			isa = PBXGroup;
			children = (
				2FF34456295A609D007DB9EC /* Coin.swift */,
				2FF34458295A60B1007DB9EC /* CoinDetail.swift */,
				2FF34454295A6047007DB9EC /* SparkLine.swift */,
				2FF34450295A6014007DB9EC /* Statistic.swift */,
				2FF34452295A6034007DB9EC /* DetailSection.swift */,
				2FF34462295AC5BA007DB9EC /* User.swift */,
			);
			path = Models;
			sourceTree = "<group>";
		};
		2FF34441295A5CDF007DB9EC /* Services */ = {
			isa = PBXGroup;
			children = (
				2FF3445C295AC039007DB9EC /* UserService.swift */,
				2FF3445E295AC11F007DB9EC /* CoinsFetcher.swift */,
				2FF34460295AC134007DB9EC /* CoinFetcher.swift */,
			);
			path = Services;
			sourceTree = "<group>";
		};
		2FF34442295A5CE6007DB9EC /* ViewModels */ = {
			isa = PBXGroup;
			children = (
				2FF34433295A5B90007DB9EC /* AuthViewModel.swift */,
			);
			path = ViewModels;
			sourceTree = "<group>";
		};
		2FF34443295A5CEF007DB9EC /* Views */ = {
			isa = PBXGroup;
			children = (
				2FF34418295A5744007DB9EC /* ContentView.swift */,
				2FF34432295A5B78007DB9EC /* Auth */,
			);
			path = Views;
			sourceTree = "<group>";
		};
/* End PBXGroup section */

/* Begin PBXNativeTarget section */
		2FF34412295A5744007DB9EC /* Daily Coins */ = {
			isa = PBXNativeTarget;
			buildConfigurationList = 2FF34421295A5745007DB9EC /* Build configuration list for PBXNativeTarget "Daily Coins" */;
			buildPhases = (
				2FF3440F295A5744007DB9EC /* Sources */,
				2FF34410295A5744007DB9EC /* Frameworks */,
				2FF34411295A5744007DB9EC /* Resources */,
			);
			buildRules = (
			);
			dependencies = (
			);
			name = "Daily Coins";
			packageProductDependencies = (
				2FF34427295A58AC007DB9EC /* FirebaseAuth */,
				2FF34429295A58AC007DB9EC /* FirebaseFirestore */,
				2FF3442B295A58AC007DB9EC /* FirebaseFirestoreSwift */,
				2FF3442D295A58AC007DB9EC /* FirebaseStorage */,
			);
			productName = "Daily Coins";
			productReference = 2FF34413295A5744007DB9EC /* Daily Coins.app */;
			productType = "com.apple.product-type.application";
		};
/* End PBXNativeTarget section */

/* Begin PBXProject section */
		2FF3440B295A5744007DB9EC /* Project object */ = {
			isa = PBXProject;
			attributes = {
				BuildIndependentTargetsInParallel = 1;
				LastSwiftUpdateCheck = 1420;
				LastUpgradeCheck = 1420;
				TargetAttributes = {
					2FF34412295A5744007DB9EC = {
						CreatedOnToolsVersion = 14.2;
					};
				};
			};
			buildConfigurationList = 2FF3440E295A5744007DB9EC /* Build configuration list for PBXProject "Daily Coins" */;
			compatibilityVersion = "Xcode 14.0";
			developmentRegion = en;
			hasScannedForEncodings = 0;
			knownRegions = (
				en,
				Base,
			);
			mainGroup = 2FF3440A295A5744007DB9EC;
			packageReferences = (
				2FF34426295A58AC007DB9EC /* XCRemoteSwiftPackageReference "firebase-ios-sdk" */,
			);
			productRefGroup = 2FF34414295A5744007DB9EC /* Products */;
			projectDirPath = "";
			projectRoot = "";
			targets = (
				2FF34412295A5744007DB9EC /* Daily Coins */,
			);
		};
/* End PBXProject section */

/* Begin PBXResourcesBuildPhase section */
		2FF34411295A5744007DB9EC /* Resources */ = {
			isa = PBXResourcesBuildPhase;
			buildActionMask = 2147483647;
			files = (
				2FF3441E295A5745007DB9EC /* Preview Assets.xcassets in Resources */,
				2FF3441B295A5745007DB9EC /* Assets.xcassets in Resources */,
				2FF34430295A5984007DB9EC /* GoogleService-Info.plist in Resources */,
			);
			runOnlyForDeploymentPostprocessing = 0;
		};
/* End PBXResourcesBuildPhase section */

/* Begin PBXSourcesBuildPhase section */
		2FF3440F295A5744007DB9EC /* Sources */ = {
			isa = PBXSourcesBuildPhase;
			buildActionMask = 2147483647;
			files = (
				2FF3443C295A5C3B007DB9EC /* RoundedShape.swift in Sources */,
				2FF34459295A60B1007DB9EC /* CoinDetail.swift in Sources */,
				2FF34419295A5744007DB9EC /* ContentView.swift in Sources */,
				2FF34417295A5744007DB9EC /* Daily_CoinsApp.swift in Sources */,
				2FF34455295A6047007DB9EC /* SparkLine.swift in Sources */,
				2FF34436295A5BAA007DB9EC /* LoginView.swift in Sources */,
				2FF34461295AC134007DB9EC /* CoinFetcher.swift in Sources */,
				2FF3445B295A64FA007DB9EC /* SingUpView.swift in Sources */,
				2FF34434295A5B90007DB9EC /* AuthViewModel.swift in Sources */,
				2FF3443A295A5C0F007DB9EC /* Header.swift in Sources */,
				2FF34451295A6014007DB9EC /* Statistic.swift in Sources */,
				2FF34445295A5F20007DB9EC /* LazyNavigationView.swift in Sources */,
				2FF34438295A5BDA007DB9EC /* InputWithImage.swift in Sources */,
				2FF3444B295A5FB5007DB9EC /* Date.swift in Sources */,
				2FF34449295A5F98007DB9EC /* UIApplication.swift in Sources */,
				2FF34453295A6034007DB9EC /* DetailSection.swift in Sources */,
				2FF3444D295A5FC4007DB9EC /* Double.swift in Sources */,
				2FF3445F295AC11F007DB9EC /* CoinsFetcher.swift in Sources */,
				2FF3445D295AC039007DB9EC /* UserService.swift in Sources */,
				2FF34447295A5F43007DB9EC /* Color.swift in Sources */,
				2FF3444F295A5FE7007DB9EC /* PreviewProvider.swift in Sources */,
				2FF34457295A609D007DB9EC /* Coin.swift in Sources */,
				2FF34463295AC5BA007DB9EC /* User.swift in Sources */,
			);
			runOnlyForDeploymentPostprocessing = 0;
		};
/* End PBXSourcesBuildPhase section */

/* Begin XCBuildConfiguration section */
		2FF3441F295A5745007DB9EC /* Debug */ = {
			isa = XCBuildConfiguration;
			buildSettings = {
				ALWAYS_SEARCH_USER_PATHS = NO;
				CLANG_ANALYZER_NONNULL = YES;
				CLANG_ANALYZER_NUMBER_OBJECT_CONVERSION = YES_AGGRESSIVE;
				CLANG_CXX_LANGUAGE_STANDARD = "gnu++20";
				CLANG_ENABLE_MODULES = YES;
				CLANG_ENABLE_OBJC_ARC = YES;
				CLANG_ENABLE_OBJC_WEAK = YES;
				CLANG_WARN_BLOCK_CAPTURE_AUTORELEASING = YES;
				CLANG_WARN_BOOL_CONVERSION = YES;
				CLANG_WARN_COMMA = YES;
				CLANG_WARN_CONSTANT_CONVERSION = YES;
				CLANG_WARN_DEPRECATED_OBJC_IMPLEMENTATIONS = YES;
				CLANG_WARN_DIRECT_OBJC_ISA_USAGE = YES_ERROR;
				CLANG_WARN_DOCUMENTATION_COMMENTS = YES;
				CLANG_WARN_EMPTY_BODY = YES;
				CLANG_WARN_ENUM_CONVERSION = YES;
				CLANG_WARN_INFINITE_RECURSION = YES;
				CLANG_WARN_INT_CONVERSION = YES;
				CLANG_WARN_NON_LITERAL_NULL_CONVERSION = YES;
				CLANG_WARN_OBJC_IMPLICIT_RETAIN_SELF = YES;
				CLANG_WARN_OBJC_LITERAL_CONVERSION = YES;
				CLANG_WARN_OBJC_ROOT_CLASS = YES_ERROR;
				CLANG_WARN_QUOTED_INCLUDE_IN_FRAMEWORK_HEADER = YES;
				CLANG_WARN_RANGE_LOOP_ANALYSIS = YES;
				CLANG_WARN_STRICT_PROTOTYPES = YES;
				CLANG_WARN_SUSPICIOUS_MOVE = YES;
				CLANG_WARN_UNGUARDED_AVAILABILITY = YES_AGGRESSIVE;
				CLANG_WARN_UNREACHABLE_CODE = YES;
				CLANG_WARN__DUPLICATE_METHOD_MATCH = YES;
				COPY_PHASE_STRIP = NO;
				DEBUG_INFORMATION_FORMAT = dwarf;
				ENABLE_STRICT_OBJC_MSGSEND = YES;
				ENABLE_TESTABILITY = YES;
				GCC_C_LANGUAGE_STANDARD = gnu11;
				GCC_DYNAMIC_NO_PIC = NO;
				GCC_NO_COMMON_BLOCKS = YES;
				GCC_OPTIMIZATION_LEVEL = 0;
				GCC_PREPROCESSOR_DEFINITIONS = (
					"DEBUG=1",
					"$(inherited)",
				);
				GCC_WARN_64_TO_32_BIT_CONVERSION = YES;
				GCC_WARN_ABOUT_RETURN_TYPE = YES_ERROR;
				GCC_WARN_UNDECLARED_SELECTOR = YES;
				GCC_WARN_UNINITIALIZED_AUTOS = YES_AGGRESSIVE;
				GCC_WARN_UNUSED_FUNCTION = YES;
				GCC_WARN_UNUSED_VARIABLE = YES;
				IPHONEOS_DEPLOYMENT_TARGET = 16.2;
				MTL_ENABLE_DEBUG_INFO = INCLUDE_SOURCE;
				MTL_FAST_MATH = YES;
				ONLY_ACTIVE_ARCH = YES;
				SDKROOT = iphoneos;
				SWIFT_ACTIVE_COMPILATION_CONDITIONS = DEBUG;
				SWIFT_OPTIMIZATION_LEVEL = "-Onone";
			};
			name = Debug;
		};
		2FF34420295A5745007DB9EC /* Release */ = {
			isa = XCBuildConfiguration;
			buildSettings = {
				ALWAYS_SEARCH_USER_PATHS = NO;
				CLANG_ANALYZER_NONNULL = YES;
				CLANG_ANALYZER_NUMBER_OBJECT_CONVERSION = YES_AGGRESSIVE;
				CLANG_CXX_LANGUAGE_STANDARD = "gnu++20";
				CLANG_ENABLE_MODULES = YES;
				CLANG_ENABLE_OBJC_ARC = YES;
				CLANG_ENABLE_OBJC_WEAK = YES;
				CLANG_WARN_BLOCK_CAPTURE_AUTORELEASING = YES;
				CLANG_WARN_BOOL_CONVERSION = YES;
				CLANG_WARN_COMMA = YES;
				CLANG_WARN_CONSTANT_CONVERSION = YES;
				CLANG_WARN_DEPRECATED_OBJC_IMPLEMENTATIONS = YES;
				CLANG_WARN_DIRECT_OBJC_ISA_USAGE = YES_ERROR;
				CLANG_WARN_DOCUMENTATION_COMMENTS = YES;
				CLANG_WARN_EMPTY_BODY = YES;
				CLANG_WARN_ENUM_CONVERSION = YES;
				CLANG_WARN_INFINITE_RECURSION = YES;
				CLANG_WARN_INT_CONVERSION = YES;
				CLANG_WARN_NON_LITERAL_NULL_CONVERSION = YES;
				CLANG_WARN_OBJC_IMPLICIT_RETAIN_SELF = YES;
				CLANG_WARN_OBJC_LITERAL_CONVERSION = YES;
				CLANG_WARN_OBJC_ROOT_CLASS = YES_ERROR;
				CLANG_WARN_QUOTED_INCLUDE_IN_FRAMEWORK_HEADER = YES;
				CLANG_WARN_RANGE_LOOP_ANALYSIS = YES;
				CLANG_WARN_STRICT_PROTOTYPES = YES;
				CLANG_WARN_SUSPICIOUS_MOVE = YES;
				CLANG_WARN_UNGUARDED_AVAILABILITY = YES_AGGRESSIVE;
				CLANG_WARN_UNREACHABLE_CODE = YES;
				CLANG_WARN__DUPLICATE_METHOD_MATCH = YES;
				COPY_PHASE_STRIP = NO;
				DEBUG_INFORMATION_FORMAT = "dwarf-with-dsym";
				ENABLE_NS_ASSERTIONS = NO;
				ENABLE_STRICT_OBJC_MSGSEND = YES;
				GCC_C_LANGUAGE_STANDARD = gnu11;
				GCC_NO_COMMON_BLOCKS = YES;
				GCC_WARN_64_TO_32_BIT_CONVERSION = YES;
				GCC_WARN_ABOUT_RETURN_TYPE = YES_ERROR;
				GCC_WARN_UNDECLARED_SELECTOR = YES;
				GCC_WARN_UNINITIALIZED_AUTOS = YES_AGGRESSIVE;
				GCC_WARN_UNUSED_FUNCTION = YES;
				GCC_WARN_UNUSED_VARIABLE = YES;
				IPHONEOS_DEPLOYMENT_TARGET = 16.2;
				MTL_ENABLE_DEBUG_INFO = NO;
				MTL_FAST_MATH = YES;
				SDKROOT = iphoneos;
				SWIFT_COMPILATION_MODE = wholemodule;
				SWIFT_OPTIMIZATION_LEVEL = "-O";
				VALIDATE_PRODUCT = YES;
			};
			name = Release;
		};
		2FF34422295A5745007DB9EC /* Debug */ = {
			isa = XCBuildConfiguration;
			buildSettings = {
				ASSETCATALOG_COMPILER_APPICON_NAME = AppIcon;
				ASSETCATALOG_COMPILER_GLOBAL_ACCENT_COLOR_NAME = AccentColor;
				CODE_SIGN_STYLE = Automatic;
				CURRENT_PROJECT_VERSION = 1;
				DEVELOPMENT_ASSET_PATHS = "\"Daily Coins/Preview Content\"";
				DEVELOPMENT_TEAM = 7M8F99A6PS;
				ENABLE_PREVIEWS = YES;
				GENERATE_INFOPLIST_FILE = YES;
				INFOPLIST_FILE = "Daily-Coins-Info.plist";
				INFOPLIST_KEY_CFBundleDisplayName = "Daily Coins";
				INFOPLIST_KEY_LSApplicationCategoryType = "public.app-category.finance";
				INFOPLIST_KEY_UIApplicationSupportsIndirectInputEvents = YES;
				INFOPLIST_KEY_UILaunchScreen_Generation = YES;
				INFOPLIST_KEY_UIStatusBarHidden = NO;
				INFOPLIST_KEY_UIStatusBarStyle = UIStatusBarStyleDarkContent;
				INFOPLIST_KEY_UISupportedInterfaceOrientations = UIInterfaceOrientationPortrait;
				INFOPLIST_KEY_UISupportedInterfaceOrientations_iPad = "UIInterfaceOrientationLandscapeLeft UIInterfaceOrientationLandscapeRight UIInterfaceOrientationPortrait UIInterfaceOrientationPortraitUpsideDown";
				LD_RUNPATH_SEARCH_PATHS = (
					"$(inherited)",
					"@executable_path/Frameworks",
				);
				MARKETING_VERSION = 2.0;
				PRODUCT_BUNDLE_IDENTIFIER = "com.alybadawy.Daily-Coins";
				PRODUCT_NAME = "$(TARGET_NAME)";
				SUPPORTED_PLATFORMS = "iphoneos iphonesimulator";
				SUPPORTS_MACCATALYST = NO;
				SUPPORTS_MAC_DESIGNED_FOR_IPHONE_IPAD = NO;
				SWIFT_EMIT_LOC_STRINGS = YES;
				SWIFT_VERSION = 5.0;
				TARGETED_DEVICE_FAMILY = 1;
			};
			name = Debug;
		};
		2FF34423295A5745007DB9EC /* Release */ = {
			isa = XCBuildConfiguration;
			buildSettings = {
				ASSETCATALOG_COMPILER_APPICON_NAME = AppIcon;
				ASSETCATALOG_COMPILER_GLOBAL_ACCENT_COLOR_NAME = AccentColor;
				CODE_SIGN_STYLE = Automatic;
				CURRENT_PROJECT_VERSION = 1;
				DEVELOPMENT_ASSET_PATHS = "\"Daily Coins/Preview Content\"";
				DEVELOPMENT_TEAM = 7M8F99A6PS;
				ENABLE_PREVIEWS = YES;
				GENERATE_INFOPLIST_FILE = YES;
				INFOPLIST_FILE = "Daily-Coins-Info.plist";
				INFOPLIST_KEY_CFBundleDisplayName = "Daily Coins";
				INFOPLIST_KEY_LSApplicationCategoryType = "public.app-category.finance";
				INFOPLIST_KEY_UIApplicationSupportsIndirectInputEvents = YES;
				INFOPLIST_KEY_UILaunchScreen_Generation = YES;
				INFOPLIST_KEY_UIStatusBarHidden = NO;
				INFOPLIST_KEY_UIStatusBarStyle = UIStatusBarStyleDarkContent;
				INFOPLIST_KEY_UISupportedInterfaceOrientations = UIInterfaceOrientationPortrait;
				INFOPLIST_KEY_UISupportedInterfaceOrientations_iPad = "UIInterfaceOrientationLandscapeLeft UIInterfaceOrientationLandscapeRight UIInterfaceOrientationPortrait UIInterfaceOrientationPortraitUpsideDown";
				LD_RUNPATH_SEARCH_PATHS = (
					"$(inherited)",
					"@executable_path/Frameworks",
				);
				MARKETING_VERSION = 2.0;
				PRODUCT_BUNDLE_IDENTIFIER = "com.alybadawy.Daily-Coins";
				PRODUCT_NAME = "$(TARGET_NAME)";
				SUPPORTED_PLATFORMS = "iphoneos iphonesimulator";
				SUPPORTS_MACCATALYST = NO;
				SUPPORTS_MAC_DESIGNED_FOR_IPHONE_IPAD = NO;
				SWIFT_EMIT_LOC_STRINGS = YES;
				SWIFT_VERSION = 5.0;
				TARGETED_DEVICE_FAMILY = 1;
			};
			name = Release;
		};
/* End XCBuildConfiguration section */

/* Begin XCConfigurationList section */
		2FF3440E295A5744007DB9EC /* Build configuration list for PBXProject "Daily Coins" */ = {
			isa = XCConfigurationList;
			buildConfigurations = (
				2FF3441F295A5745007DB9EC /* Debug */,
				2FF34420295A5745007DB9EC /* Release */,
			);
			defaultConfigurationIsVisible = 0;
			defaultConfigurationName = Release;
		};
		2FF34421295A5745007DB9EC /* Build configuration list for PBXNativeTarget "Daily Coins" */ = {
			isa = XCConfigurationList;
			buildConfigurations = (
				2FF34422295A5745007DB9EC /* Debug */,
				2FF34423295A5745007DB9EC /* Release */,
			);
			defaultConfigurationIsVisible = 0;
			defaultConfigurationName = Release;
		};
/* End XCConfigurationList section */

/* Begin XCRemoteSwiftPackageReference section */
		2FF34426295A58AC007DB9EC /* XCRemoteSwiftPackageReference "firebase-ios-sdk" */ = {
			isa = XCRemoteSwiftPackageReference;
			repositoryURL = "https://github.com/firebase/firebase-ios-sdk";
			requirement = {
				branch = master;
				kind = branch;
			};
		};
/* End XCRemoteSwiftPackageReference section */

/* Begin XCSwiftPackageProductDependency section */
		2FF34427295A58AC007DB9EC /* FirebaseAuth */ = {
			isa = XCSwiftPackageProductDependency;
			package = 2FF34426295A58AC007DB9EC /* XCRemoteSwiftPackageReference "firebase-ios-sdk" */;
			productName = FirebaseAuth;
		};
		2FF34429295A58AC007DB9EC /* FirebaseFirestore */ = {
			isa = XCSwiftPackageProductDependency;
			package = 2FF34426295A58AC007DB9EC /* XCRemoteSwiftPackageReference "firebase-ios-sdk" */;
			productName = FirebaseFirestore;
		};
		2FF3442B295A58AC007DB9EC /* FirebaseFirestoreSwift */ = {
			isa = XCSwiftPackageProductDependency;
			package = 2FF34426295A58AC007DB9EC /* XCRemoteSwiftPackageReference "firebase-ios-sdk" */;
			productName = FirebaseFirestoreSwift;
		};
		2FF3442D295A58AC007DB9EC /* FirebaseStorage */ = {
			isa = XCSwiftPackageProductDependency;
			package = 2FF34426295A58AC007DB9EC /* XCRemoteSwiftPackageReference "firebase-ios-sdk" */;
			productName = FirebaseStorage;
		};
/* End XCSwiftPackageProductDependency section */
	};
	rootObject = 2FF3440B295A5744007DB9EC /* Project object */;
}
